
Microsoft Visual Studio Solution File, Format Version 12.00
# Visual Studio Version 17
VisualStudioVersion = 17.14.36109.1
MinimumVisualStudioVersion = 10.0.40219.1
Project("{FAE04EC0-301F-11D3-BF4B-00C04F79EFBC}") = "CDTSharp", "CDTSharp\CDTSharp.csproj", "{CA88D6BF-ECFE-4CB1-99BF-0EB9005FBBAD}"
EndProject
Project("{FAE04EC0-301F-11D3-BF4B-00C04F79EFBC}") = "CDTSharpTests", "CDTSharpTests\CDTSharpTests.csproj", "{F6A8A938-4960-4FB6-BCEA-98CEBC1FBE70}"
EndProject
Project("{FAE04EC0-301F-11D3-BF4B-00C04F79EFBC}") = "CDTio", "CDTio\CDTio.csproj", "{6115C558-9064-4618-9DE8-E10D7BCA05D0}"
EndProject
Project("{FAE04EC0-301F-11D3-BF4B-00C04F79EFBC}") = "CDTGeometryLib", "CDTGeometryLib\CDTGeometryLib.csproj", "{7988DA35-BBE5-4B6E-A0A5-30CBB420F04C}"
EndProject
Global
	GlobalSection(SolutionConfigurationPlatforms) = preSolution
		Debug|Any CPU = Debug|Any CPU
		Release|Any CPU = Release|Any CPU
	EndGlobalSection
	GlobalSection(ProjectConfigurationPlatforms) = postSolution
		{CA88D6BF-ECFE-4CB1-99BF-0EB9005FBBAD}.Debug|Any CPU.ActiveCfg = Debug|Any CPU
		{CA88D6BF-ECFE-4CB1-99BF-0EB9005FBBAD}.Debug|Any CPU.Build.0 = Debug|Any CPU
		{CA88D6BF-ECFE-4CB1-99BF-0EB9005FBBAD}.Release|Any CPU.ActiveCfg = Release|Any CPU
		{CA88D6BF-ECFE-4CB1-99BF-0EB9005FBBAD}.Release|Any CPU.Build.0 = Release|Any CPU
		{F6A8A938-4960-4FB6-BCEA-98CEBC1FBE70}.Debug|Any CPU.ActiveCfg = Debug|Any CPU
		{F6A8A938-4960-4FB6-BCEA-98CEBC1FBE70}.Debug|Any CPU.Build.0 = Debug|Any CPU
		{F6A8A938-4960-4FB6-BCEA-98CEBC1FBE70}.Release|Any CPU.ActiveCfg = Release|Any CPU
		{F6A8A938-4960-4FB6-BCEA-98CEBC1FBE70}.Release|Any CPU.Build.0 = Release|Any CPU
		{6115C558-9064-4618-9DE8-E10D7BCA05D0}.Debug|Any CPU.ActiveCfg = Debug|Any CPU
		{6115C558-9064-4618-9DE8-E10D7BCA05D0}.Debug|Any CPU.Build.0 = Debug|Any CPU
		{6115C558-9064-4618-9DE8-E10D7BCA05D0}.Release|Any CPU.ActiveCfg = Release|Any CPU
		{6115C558-9064-4618-9DE8-E10D7BCA05D0}.Release|Any CPU.Build.0 = Release|Any CPU
		{7988DA35-BBE5-4B6E-A0A5-30CBB420F04C}.Debug|Any CPU.ActiveCfg = Debug|Any CPU
		{7988DA35-BBE5-4B6E-A0A5-30CBB420F04C}.Debug|Any CPU.Build.0 = Debug|Any CPU
		{7988DA35-BBE5-4B6E-A0A5-30CBB420F04C}.Release|Any CPU.ActiveCfg = Release|Any CPU
		{7988DA35-BBE5-4B6E-A0A5-30CBB420F04C}.Release|Any CPU.Build.0 = Release|Any CPU
	EndGlobalSection
	GlobalSection(SolutionProperties) = preSolution
		HideSolutionNode = FALSE
	EndGlobalSection
	GlobalSection(ExtensibilityGlobals) = postSolution
		SolutionGuid = {9D704CA1-B98E-42E8-9487-E9AC77A3652C}
	EndGlobalSection
EndGlobal
